{
  "name": "bookers_2",
  "requires": true,
  "lockfileVersion": 1,
  "dependencies": {
    "rails-ujs": {
      "version": "5.2.4-3",
      "resolved": "https://registry.npmjs.org/rails-ujs/-/rails-ujs-5.2.4-3.tgz",
      "integrity": "sha512-3UfULgTllMyO5B7gLxxjjvkVubha3FKiTzHY+4q3Hcku5A6Zbnc4kWxTuqL6s5r+ipwEx6Zddqz1DEpVLSbxbQ=="
    }
  }
}
